
Microsoft Visual Studio Solution File, Format Version 12.00
# Visual Studio Version 16
VisualStudioVersion = 16.0.30320.27
MinimumVisualStudioVersion = 10.0.40219.1
Project("{9A19103F-16F7-4668-BE54-9A1E7A4F7556}") = "simple-aspnetcore-react-shared-generic-errors", "simple-aspnetcore-react-shared-generic-errors.csproj", "{C761854C-DC46-4751-B80F-934C3117B562}"
EndProject
Global
	GlobalSection(SolutionConfigurationPlatforms) = preSolution
		Debug|Any CPU = Debug|Any CPU
		Release|Any CPU = Release|Any CPU
	EndGlobalSection
	GlobalSection(ProjectConfigurationPlatforms) = postSolution
		{C761854C-DC46-4751-B80F-934C3117B562}.Debug|Any CPU.ActiveCfg = Debug|Any CPU
		{C761854C-DC46-4751-B80F-934C3117B562}.Debug|Any CPU.Build.0 = Debug|Any CPU
		{C761854C-DC46-4751-B80F-934C3117B562}.Release|Any CPU.ActiveCfg = Release|Any CPU
		{C761854C-DC46-4751-B80F-934C3117B562}.Release|Any CPU.Build.0 = Release|Any CPU
	EndGlobalSection
	GlobalSection(SolutionProperties) = preSolution
		HideSolutionNode = FALSE
	EndGlobalSection
	GlobalSection(ExtensibilityGlobals) = postSolution
		SolutionGuid = {E3EB790C-EDE5-4CF8-B2D5-249F35A6A0AD}
	EndGlobalSection
EndGlobal
